[[package]]
name = "credits.aleo"
network = "testnet"
location = "network"
checksum = "e185a49fba7f5e477c3fedf8968be9912ae7d8db34531c246041e899175e4d33"
dependencies = []

[[package]]
name = "time_oracle_puzz_test.aleo"
network = "testnet"
location = "network"
checksum = "a4793ff77009d25a4f1d76c4feb86c66a92e747a58c36af329b2822a292c842d"
dependencies = []
