[[package]]
name = "puzzle_arcade_coin_v001.aleo"
location = "local"
path = "/Users/lucas/code/puzzle/serengeti/arcade/spinner/../coin"
checksum = "cecb5b5f1638f054d09d564442d60c6928532384530a4b71c0bb4e6eb7a250d7"
dependencies = []

[[package]]
name = "puzzle_arcade_ticket_v001.aleo"
location = "local"
path = "/Users/lucas/code/puzzle/serengeti/arcade/spinner/../ticket"
checksum = "a49359c23bcf87c74cecb847e9a7a9f9206ce20fc42a59306450f623942807c2"
dependencies = []
