[[package]]
name = "puzzle_arcade_coin_v001.aleo"
location = "local"
path = "/Users/asharma/code/medici/serengeti/arcade/spinner/../coin"
checksum = "089ce580c7ddbb640e023a53a8d1f1cf3fa811b3f4ccff2d37849cfb24a92d49"
dependencies = []

[[package]]
name = "puzzle_arcade_ticket_v001.aleo"
location = "local"
path = "/Users/asharma/code/medici/serengeti/arcade/spinner/../ticket"
checksum = "a49359c23bcf87c74cecb847e9a7a9f9206ce20fc42a59306450f623942807c2"
dependencies = []
