[[package]]
name = "puzzle_arcade_ticket_v001.aleo"
network = "testnet"
location = "network"
checksum = "cdc6997cbeba912b2bd3e258b21bdc1576f60e05d8573d7e01788aee9163bcd7"
dependencies = []

[[package]]
name = "par_store_inventory_v6.aleo"
location = "local"
path = "/Users/asharma/code/medici/serengeti/arcade/store-14/../store-inventory"
checksum = "835200ba1f970e16faeaa79f5eb66bbb05caa48365afb272fe1985d039cc5ee4"
dependencies = []
