[[package]]
name = "puzzle_arcade_ticket_v001.aleo"
network = "testnet"
location = "network"
checksum = "cdc6997cbeba912b2bd3e258b21bdc1576f60e05d8573d7e01788aee9163bcd7"
dependencies = []

[[package]]
name = "par_store_inventory_v1.aleo"
network = "testnet"
location = "network"
checksum = "44bf6e876c5804686645807d1d4a350fd6c8e837a008829e2b4437eaaa480736"
dependencies = []
