[[package]]
name = "puzzle_arcade_ticket_v002.aleo"
network = "mainnet"
location = "network"
checksum = "57a6dd0337f1036933fb846720ac51bf3987e0293ced5d7ffd53e083d54aa005"
dependencies = []

[[package]]
name = "par_store_inventory_v1.aleo"
network = "mainnet"
location = "network"
checksum = "77ed791a61ce1c0e78ec4e1ae7a6702aa1c45047f1b68a3452eec21934a18fe0"
dependencies = []
