[[package]]
name = "puzzle_pieces_v016.aleo"
network = "testnet"
location = "local"
path = "/Users/asharma/code/medici/serengeti/wheres_alex_vXXX/../puzzle_pieces_vXXX"
checksum = "beed40ac177434d9e3926962a3093be1e2f2e7a1b6167b96cc90bb7ffddd2cc1"
dependencies = []

[[package]]
name = "multiparty_pvp_utils_v015.aleo"
network = "testnet"
location = "local"
path = "/Users/asharma/code/medici/serengeti/wheres_alex_vXXX/../multiparty_pvp_utils_vXXX"
checksum = "4a0d071c10abddb17bff8497c915f3b4cc554b1d8d8c3c476b48d79073178047"
dependencies = []
