[[package]]
name = "puzzle_pieces_v016.aleo"
location = "local"
path = "/Users/lucas/code/puzzle/serengeti/wheres_alex_vXXX/../puzzle_pieces_vXXX"
checksum = "d2342c9445c501db0cc6310e13a271401486bbe8809945353ea04ceb6ecaf9cc"
dependencies = []

[[package]]
name = "multiparty_pvp_utils_v015.aleo"
location = "local"
path = "/Users/lucas/code/puzzle/serengeti/wheres_alex_vXXX/../multiparty_pvp_utils_vXXX"
checksum = "6ca4903945e8d1dfe19e4ed6d9955e91b36c48a94b50dcbbcb273c76d3d5f602"
dependencies = []
