[[package]]
name = "puzzle_pieces_v016.aleo"
location = "local"
path = "/Users/lucas/code/puzzle/serengeti/wheres_alex_vXXX/../puzzle_pieces_vXXX"
checksum = "d2342c9445c501db0cc6310e13a271401486bbe8809945353ea04ceb6ecaf9cc"
dependencies = []

[[package]]
name = "multiparty_pvp_utils_v015.aleo"
location = "local"
path = "/Users/lucas/code/puzzle/serengeti/wheres_alex_vXXX/../multiparty_pvp_utils_vXXX"
checksum = "73a93e3dedc2b4ed12441229febab34726a2239e35796ce5333be5b7ba632b85"
dependencies = []
