[[package]]
name = "puzzle_arcade_coin_v001.aleo"
location = "local"
path = "/Users/lucas/code/puzzle/serengeti/arcade/spinner/../coin"
checksum = "089ce580c7ddbb640e023a53a8d1f1cf3fa811b3f4ccff2d37849cfb24a92d49"
dependencies = []

[[package]]
name = "puzzle_arcade_ticket_v001.aleo"
location = "local"
path = "/Users/lucas/code/puzzle/serengeti/arcade/spinner/../ticket"
checksum = "ed8299c221a20bc3bd89825adc208a95de404f4f3731b744540361cacf9285e0"
dependencies = []
