[[package]]
name = "puzzle_arcade_ticket_v002.aleo"
network = "mainnet"
location = "network"
checksum = "57a6dd0337f1036933fb846720ac51bf3987e0293ced5d7ffd53e083d54aa005"
dependencies = []

[[package]]
name = "puzzle_arcade_coin_v002.aleo"
network = "mainnet"
location = "network"
checksum = "1d4706a514504a59469385726005f36a9c4cbb8b3b1ee004076d9322b6cc74d9"
dependencies = []

[[package]]
name = "timestamp_testing.aleo"
network = "testnet"
location = "network"
checksum = "94fc5f659e953816b648a9cce8746e65b91adab582934febd072ba0884a5d935"
dependencies = []

[[package]]
name = "puzzle_arcade_ticket_v001.aleo"
network = "testnet"
location = "network"
checksum = "cdc6997cbeba912b2bd3e258b21bdc1576f60e05d8573d7e01788aee9163bcd7"
dependencies = []

[[package]]
name = "puzzle_arcade_coin_v001.aleo"
network = "testnet"
location = "network"
checksum = "f383e663b66c47342fd6330d438b48c1e7a73149755b5341f12847bdd1225d0c"
dependencies = []

[[package]]
name = "squash_testing.aleo"
network = "testnet"
location = "network"
checksum = "1315a1f6188aa524e8854d7402d06a72731fdef1dfac1f92a659bea1ad0891fa"
dependencies = ["timestamp_testing.aleo"]

[[package]]
name = "squash_v3.aleo"
network = "mainnet"
location = "network"
checksum = "e3ba69c82affd88e9fdabafa564dafff484fe1cfb6eddfa4c31254d8ad314fbe"
dependencies = ["timestamp_testing.aleo", "puzzle_arcade_ticket_v001.aleo", "puzzle_arcade_coin_v001.aleo", "squash_testing.aleo"]
