[[package]]
name = "puzzle_arcade_coin_v002.aleo"
location = "local"
path = "/Users/lucas/code/puzzle/serengeti/wheres_alex/../multiparty_coin/../arcade/coin"
checksum = "2a73cbd8c49d2113a2943d2ef585394ab14923b6502c0032f056b1dd7e0633e6"
dependencies = []

[[package]]
name = "puzzle_multiparty_coin_v001.aleo"
location = "local"
path = "/Users/lucas/code/puzzle/serengeti/wheres_alex/../multiparty_coin"
checksum = "490d71120911a7da7a0428ca6aee2a524289e9fad610076ffb58b1c794173a44"
dependencies = ["puzzle_arcade_coin_v002.aleo"]
