[[package]]
name = "credits.aleo"
network = "testnet"
location = "network"
checksum = "e185a49fba7f5e477c3fedf8968be9912ae7d8db34531c246041e899175e4d33"
dependencies = []

[[package]]
name = "pondo_oraclev1.aleo"
network = "testnet"
location = "network"
checksum = "4726db7d2db36d1da6121d95291ed96c56881ca5d2e7d5526c1338412a2bbdee"
dependencies = ["credits.aleo"]
